
Microsoft Visual Studio Solution File, Format Version 12.00
# Visual Studio Version 17
VisualStudioVersion = 17.2.32616.157
MinimumVisualStudioVersion = 10.0.40219.1
Project("{FAE04EC0-301F-11D3-BF4B-00C04F79EFBC}") = "BooksDemo.Api", "BooksDemo.Api\BooksDemo.Api.csproj", "{D50F1440-5CCC-49B5-B536-AA77C8B56C2B}"
EndProject
Project("{FAE04EC0-301F-11D3-BF4B-00C04F79EFBC}") = "BooksDemo.Data", "BooksDemo.Data\BooksDemo.Data.csproj", "{1ADD6E74-D325-4E53-881A-32BC3567BB53}"
EndProject
Project("{FAE04EC0-301F-11D3-BF4B-00C04F79EFBC}") = "BooksDemo.Repository", "BooksDemo.Repository\BooksDemo.Repository.csproj", "{51B09222-D6F1-4F25-9372-3A3970B98DF3}"
EndProject
Project("{FAE04EC0-301F-11D3-BF4B-00C04F79EFBC}") = "BooksDemo.Models", "BooksDemo.Models\BooksDemo.Models.csproj", "{732B6478-7708-4947-B04B-D182ABD7A4D2}"
EndProject
Project("{FAE04EC0-301F-11D3-BF4B-00C04F79EFBC}") = "BooksDemo.Logging", "BooksDemo.Logging\BooksDemo.Logging.csproj", "{92967940-C56B-4716-B008-A7BB4ADFBF84}"
EndProject
Project("{00D1A9C2-B5F0-4AF3-8072-F6C62B433612}") = "BooksDemo.Database", "BooksDemo.Database\BooksDemo.Database.sqlproj", "{837C51CF-A37F-468B-8C0C-177D14FEBD8E}"
EndProject
Project("{FAE04EC0-301F-11D3-BF4B-00C04F79EFBC}") = "BooksDemo.Service", "BooksDemo.Service\BooksDemo.Service.csproj", "{A37C8368-6991-4DF2-93BC-826F2CBC1309}"
EndProject
Global
	GlobalSection(SolutionConfigurationPlatforms) = preSolution
		Debug|Any CPU = Debug|Any CPU
		Release|Any CPU = Release|Any CPU
	EndGlobalSection
	GlobalSection(ProjectConfigurationPlatforms) = postSolution
		{D50F1440-5CCC-49B5-B536-AA77C8B56C2B}.Debug|Any CPU.ActiveCfg = Debug|Any CPU
		{D50F1440-5CCC-49B5-B536-AA77C8B56C2B}.Debug|Any CPU.Build.0 = Debug|Any CPU
		{D50F1440-5CCC-49B5-B536-AA77C8B56C2B}.Release|Any CPU.ActiveCfg = Release|Any CPU
		{D50F1440-5CCC-49B5-B536-AA77C8B56C2B}.Release|Any CPU.Build.0 = Release|Any CPU
		{1ADD6E74-D325-4E53-881A-32BC3567BB53}.Debug|Any CPU.ActiveCfg = Debug|Any CPU
		{1ADD6E74-D325-4E53-881A-32BC3567BB53}.Debug|Any CPU.Build.0 = Debug|Any CPU
		{1ADD6E74-D325-4E53-881A-32BC3567BB53}.Release|Any CPU.ActiveCfg = Release|Any CPU
		{1ADD6E74-D325-4E53-881A-32BC3567BB53}.Release|Any CPU.Build.0 = Release|Any CPU
		{51B09222-D6F1-4F25-9372-3A3970B98DF3}.Debug|Any CPU.ActiveCfg = Debug|Any CPU
		{51B09222-D6F1-4F25-9372-3A3970B98DF3}.Debug|Any CPU.Build.0 = Debug|Any CPU
		{51B09222-D6F1-4F25-9372-3A3970B98DF3}.Release|Any CPU.ActiveCfg = Release|Any CPU
		{51B09222-D6F1-4F25-9372-3A3970B98DF3}.Release|Any CPU.Build.0 = Release|Any CPU
		{732B6478-7708-4947-B04B-D182ABD7A4D2}.Debug|Any CPU.ActiveCfg = Debug|Any CPU
		{732B6478-7708-4947-B04B-D182ABD7A4D2}.Debug|Any CPU.Build.0 = Debug|Any CPU
		{732B6478-7708-4947-B04B-D182ABD7A4D2}.Release|Any CPU.ActiveCfg = Release|Any CPU
		{732B6478-7708-4947-B04B-D182ABD7A4D2}.Release|Any CPU.Build.0 = Release|Any CPU
		{92967940-C56B-4716-B008-A7BB4ADFBF84}.Debug|Any CPU.ActiveCfg = Debug|Any CPU
		{92967940-C56B-4716-B008-A7BB4ADFBF84}.Debug|Any CPU.Build.0 = Debug|Any CPU
		{92967940-C56B-4716-B008-A7BB4ADFBF84}.Release|Any CPU.ActiveCfg = Release|Any CPU
		{92967940-C56B-4716-B008-A7BB4ADFBF84}.Release|Any CPU.Build.0 = Release|Any CPU
		{837C51CF-A37F-468B-8C0C-177D14FEBD8E}.Debug|Any CPU.ActiveCfg = Debug|Any CPU
		{837C51CF-A37F-468B-8C0C-177D14FEBD8E}.Debug|Any CPU.Build.0 = Debug|Any CPU
		{837C51CF-A37F-468B-8C0C-177D14FEBD8E}.Debug|Any CPU.Deploy.0 = Debug|Any CPU
		{837C51CF-A37F-468B-8C0C-177D14FEBD8E}.Release|Any CPU.ActiveCfg = Release|Any CPU
		{837C51CF-A37F-468B-8C0C-177D14FEBD8E}.Release|Any CPU.Build.0 = Release|Any CPU
		{837C51CF-A37F-468B-8C0C-177D14FEBD8E}.Release|Any CPU.Deploy.0 = Release|Any CPU
		{A37C8368-6991-4DF2-93BC-826F2CBC1309}.Debug|Any CPU.ActiveCfg = Debug|Any CPU
		{A37C8368-6991-4DF2-93BC-826F2CBC1309}.Debug|Any CPU.Build.0 = Debug|Any CPU
		{A37C8368-6991-4DF2-93BC-826F2CBC1309}.Release|Any CPU.ActiveCfg = Release|Any CPU
		{A37C8368-6991-4DF2-93BC-826F2CBC1309}.Release|Any CPU.Build.0 = Release|Any CPU
	EndGlobalSection
	GlobalSection(SolutionProperties) = preSolution
		HideSolutionNode = FALSE
	EndGlobalSection
	GlobalSection(ExtensibilityGlobals) = postSolution
		SolutionGuid = {5A9F589B-AAA0-4A52-A915-1F0D1FDE5F85}
	EndGlobalSection
EndGlobal
